// !$*UTF8*$!
{
	archiveVersion = 1;
	classes = {
	};
	objectVersion = 50;
	objects = {

/* Begin PBXBuildFile section */
		D640E4E8244E82FB00EA234E /* Person.m in Sources */ = {isa = PBXBuildFile; fileRef = D640E4E7244E82FB00EA234E /* Person.m */; };
		D647123B24554E6C0000BC22 /* DKTimeProxy.m in Sources */ = {isa = PBXBuildFile; fileRef = D647123A24554E6C0000BC22 /* DKTimeProxy.m */; };
		D647123E24554ED20000BC22 /* NSTimer+DKCrashHandler.m in Sources */ = {isa = PBXBuildFile; fileRef = D647123D24554ED20000BC22 /* NSTimer+DKCrashHandler.m */; };
		D650B41B2452D4970000C79F /* NSObject+DKCrashHandler.m in Sources */ = {isa = PBXBuildFile; fileRef = D650B4062452D4970000C79F /* NSObject+DKCrashHandler.m */; };
		D650B41C2452D4970000C79F /* DKKVOProxy.m in Sources */ = {isa = PBXBuildFile; fileRef = D650B4092452D4970000C79F /* DKKVOProxy.m */; };
		D650B41D2452D4970000C79F /* NSObject+KVCCrashHandler.m in Sources */ = {isa = PBXBuildFile; fileRef = D650B40B2452D4970000C79F /* NSObject+KVCCrashHandler.m */; };
		D650B41E2452D4970000C79F /* NSArray+DKCrashHandler.m in Sources */ = {isa = PBXBuildFile; fileRef = D650B40E2452D4970000C79F /* NSArray+DKCrashHandler.m */; };
		D650B41F2452D4970000C79F /* NSMethodSignature+CrashHandler.m in Sources */ = {isa = PBXBuildFile; fileRef = D650B4122452D4970000C79F /* NSMethodSignature+CrashHandler.m */; };
		D650B4202452D4970000C79F /* DKRuntime.m in Sources */ = {isa = PBXBuildFile; fileRef = D650B4132452D4970000C79F /* DKRuntime.m */; };
		D650B4212452D4970000C79F /* DKCrashObject.m in Sources */ = {isa = PBXBuildFile; fileRef = D650B4162452D4970000C79F /* DKCrashObject.m */; };
		D650B4222452D4970000C79F /* NSObject+KVOCrashHandler.m in Sources */ = {isa = PBXBuildFile; fileRef = D650B41A2452D4970000C79F /* NSObject+KVOCrashHandler.m */; };
		D650B4262452D4E70000C79F /* NSNotificationCenter+DKCrashHandler.m in Sources */ = {isa = PBXBuildFile; fileRef = D650B4252452D4E70000C79F /* NSNotificationCenter+DKCrashHandler.m */; };
		D650B4292452D5470000C79F /* DKNotificationRemover.m in Sources */ = {isa = PBXBuildFile; fileRef = D650B4282452D5470000C79F /* DKNotificationRemover.m */; };
		D650B42C2452D8D60000C79F /* tesmVC.m in Sources */ = {isa = PBXBuildFile; fileRef = D650B42B2452D8D60000C79F /* tesmVC.m */; };
		D650FCE2245135BB00848EA7 /* KVOCrashObject.m in Sources */ = {isa = PBXBuildFile; fileRef = D650FCE1245135BB00848EA7 /* KVOCrashObject.m */; };
		D68E54022431E2BD00630B27 /* AppDelegate.m in Sources */ = {isa = PBXBuildFile; fileRef = D68E54012431E2BD00630B27 /* AppDelegate.m */; };
		D68E54052431E2BD00630B27 /* SceneDelegate.m in Sources */ = {isa = PBXBuildFile; fileRef = D68E54042431E2BD00630B27 /* SceneDelegate.m */; };
		D68E54082431E2BD00630B27 /* ViewController.m in Sources */ = {isa = PBXBuildFile; fileRef = D68E54072431E2BD00630B27 /* ViewController.m */; };
		D68E540B2431E2BD00630B27 /* Main.storyboard in Resources */ = {isa = PBXBuildFile; fileRef = D68E54092431E2BD00630B27 /* Main.storyboard */; };
		D68E54102431E2BE00630B27 /* Assets.xcassets in Resources */ = {isa = PBXBuildFile; fileRef = D68E540F2431E2BE00630B27 /* Assets.xcassets */; };
		D68E54132431E2BE00630B27 /* LaunchScreen.storyboard in Resources */ = {isa = PBXBuildFile; fileRef = D68E54112431E2BE00630B27 /* LaunchScreen.storyboard */; };
		D68E54162431E2BE00630B27 /* main.m in Sources */ = {isa = PBXBuildFile; fileRef = D68E54152431E2BE00630B27 /* main.m */; };
/* End PBXBuildFile section */

/* Begin PBXFileReference section */
		D640E4E6244E82FB00EA234E /* Person.h */ = {isa = PBXFileReference; lastKnownFileType = sourcecode.c.h; path = Person.h; sourceTree = "<group>"; };
		D640E4E7244E82FB00EA234E /* Person.m */ = {isa = PBXFileReference; lastKnownFileType = sourcecode.c.objc; path = Person.m; sourceTree = "<group>"; };
		D647123924554E6C0000BC22 /* DKTimeProxy.h */ = {isa = PBXFileReference; lastKnownFileType = sourcecode.c.h; path = DKTimeProxy.h; sourceTree = "<group>"; };
		D647123A24554E6C0000BC22 /* DKTimeProxy.m */ = {isa = PBXFileReference; lastKnownFileType = sourcecode.c.objc; path = DKTimeProxy.m; sourceTree = "<group>"; };
		D647123C24554ED20000BC22 /* NSTimer+DKCrashHandler.h */ = {isa = PBXFileReference; lastKnownFileType = sourcecode.c.h; path = "NSTimer+DKCrashHandler.h"; sourceTree = "<group>"; };
		D647123D24554ED20000BC22 /* NSTimer+DKCrashHandler.m */ = {isa = PBXFileReference; lastKnownFileType = sourcecode.c.objc; path = "NSTimer+DKCrashHandler.m"; sourceTree = "<group>"; };
		D650B4062452D4970000C79F /* NSObject+DKCrashHandler.m */ = {isa = PBXFileReference; fileEncoding = 4; lastKnownFileType = sourcecode.c.objc; path = "NSObject+DKCrashHandler.m"; sourceTree = "<group>"; };
		D650B4072452D4970000C79F /* NSObject+DKCrashHandler.h */ = {isa = PBXFileReference; fileEncoding = 4; lastKnownFileType = sourcecode.c.h; path = "NSObject+DKCrashHandler.h"; sourceTree = "<group>"; };
		D650B4092452D4970000C79F /* DKKVOProxy.m */ = {isa = PBXFileReference; fileEncoding = 4; lastKnownFileType = sourcecode.c.objc; path = DKKVOProxy.m; sourceTree = "<group>"; };
		D650B40A2452D4970000C79F /* DKKVOProxy.h */ = {isa = PBXFileReference; fileEncoding = 4; lastKnownFileType = sourcecode.c.h; path = DKKVOProxy.h; sourceTree = "<group>"; };
		D650B40B2452D4970000C79F /* NSObject+KVCCrashHandler.m */ = {isa = PBXFileReference; fileEncoding = 4; lastKnownFileType = sourcecode.c.objc; name = "NSObject+KVCCrashHandler.m"; path = "../KVO/NSObject+KVCCrashHandler.m"; sourceTree = "<group>"; };
		D650B40C2452D4970000C79F /* NSObject+KVOCrashHandler.h */ = {isa = PBXFileReference; fileEncoding = 4; lastKnownFileType = sourcecode.c.h; path = "NSObject+KVOCrashHandler.h"; sourceTree = "<group>"; };
		D650B40E2452D4970000C79F /* NSArray+DKCrashHandler.m */ = {isa = PBXFileReference; fileEncoding = 4; lastKnownFileType = sourcecode.c.objc; path = "NSArray+DKCrashHandler.m"; sourceTree = "<group>"; };
		D650B40F2452D4970000C79F /* NSArray+DKCrashHandler.h */ = {isa = PBXFileReference; fileEncoding = 4; lastKnownFileType = sourcecode.c.h; path = "NSArray+DKCrashHandler.h"; sourceTree = "<group>"; };
		D650B4112452D4970000C79F /* DKRuntime.h */ = {isa = PBXFileReference; fileEncoding = 4; lastKnownFileType = sourcecode.c.h; path = DKRuntime.h; sourceTree = "<group>"; };
		D650B4122452D4970000C79F /* NSMethodSignature+CrashHandler.m */ = {isa = PBXFileReference; fileEncoding = 4; lastKnownFileType = sourcecode.c.objc; path = "NSMethodSignature+CrashHandler.m"; sourceTree = "<group>"; };
		D650B4132452D4970000C79F /* DKRuntime.m */ = {isa = PBXFileReference; fileEncoding = 4; lastKnownFileType = sourcecode.c.objc; path = DKRuntime.m; sourceTree = "<group>"; };
		D650B4142452D4970000C79F /* NSMethodSignature+CrashHandler.h */ = {isa = PBXFileReference; fileEncoding = 4; lastKnownFileType = sourcecode.c.h; path = "NSMethodSignature+CrashHandler.h"; sourceTree = "<group>"; };
		D650B4162452D4970000C79F /* DKCrashObject.m */ = {isa = PBXFileReference; fileEncoding = 4; lastKnownFileType = sourcecode.c.objc; path = DKCrashObject.m; sourceTree = "<group>"; };
		D650B4172452D4970000C79F /* DKCrashObject.h */ = {isa = PBXFileReference; fileEncoding = 4; lastKnownFileType = sourcecode.c.h; path = DKCrashObject.h; sourceTree = "<group>"; };
		D650B4192452D4970000C79F /* NSObject+KVCCrashHandler.h */ = {isa = PBXFileReference; fileEncoding = 4; lastKnownFileType = sourcecode.c.h; path = "NSObject+KVCCrashHandler.h"; sourceTree = "<group>"; };
		D650B41A2452D4970000C79F /* NSObject+KVOCrashHandler.m */ = {isa = PBXFileReference; fileEncoding = 4; lastKnownFileType = sourcecode.c.objc; name = "NSObject+KVOCrashHandler.m"; path = "../KVC/NSObject+KVOCrashHandler.m"; sourceTree = "<group>"; };
		D650B4242452D4E70000C79F /* NSNotificationCenter+DKCrashHandler.h */ = {isa = PBXFileReference; lastKnownFileType = sourcecode.c.h; path = "NSNotificationCenter+DKCrashHandler.h"; sourceTree = "<group>"; };
		D650B4252452D4E70000C79F /* NSNotificationCenter+DKCrashHandler.m */ = {isa = PBXFileReference; lastKnownFileType = sourcecode.c.objc; path = "NSNotificationCenter+DKCrashHandler.m"; sourceTree = "<group>"; };
		D650B4272452D5470000C79F /* DKNotificationRemover.h */ = {isa = PBXFileReference; lastKnownFileType = sourcecode.c.h; path = DKNotificationRemover.h; sourceTree = "<group>"; };
		D650B4282452D5470000C79F /* DKNotificationRemover.m */ = {isa = PBXFileReference; lastKnownFileType = sourcecode.c.objc; path = DKNotificationRemover.m; sourceTree = "<group>"; };
		D650B42A2452D8D60000C79F /* tesmVC.h */ = {isa = PBXFileReference; lastKnownFileType = sourcecode.c.h; path = tesmVC.h; sourceTree = "<group>"; };
		D650B42B2452D8D60000C79F /* tesmVC.m */ = {isa = PBXFileReference; lastKnownFileType = sourcecode.c.objc; path = tesmVC.m; sourceTree = "<group>"; };
		D650FCE0245135BB00848EA7 /* KVOCrashObject.h */ = {isa = PBXFileReference; lastKnownFileType = sourcecode.c.h; path = KVOCrashObject.h; sourceTree = "<group>"; };
		D650FCE1245135BB00848EA7 /* KVOCrashObject.m */ = {isa = PBXFileReference; lastKnownFileType = sourcecode.c.objc; path = KVOCrashObject.m; sourceTree = "<group>"; };
		D68E53FD2431E2BD00630B27 /* dingkanCode.app */ = {isa = PBXFileReference; explicitFileType = wrapper.application; includeInIndex = 0; path = dingkanCode.app; sourceTree = BUILT_PRODUCTS_DIR; };
		D68E54002431E2BD00630B27 /* AppDelegate.h */ = {isa = PBXFileReference; lastKnownFileType = sourcecode.c.h; path = AppDelegate.h; sourceTree = "<group>"; };
		D68E54012431E2BD00630B27 /* AppDelegate.m */ = {isa = PBXFileReference; lastKnownFileType = sourcecode.c.objc; path = AppDelegate.m; sourceTree = "<group>"; };
		D68E54032431E2BD00630B27 /* SceneDelegate.h */ = {isa = PBXFileReference; lastKnownFileType = sourcecode.c.h; path = SceneDelegate.h; sourceTree = "<group>"; };
		D68E54042431E2BD00630B27 /* SceneDelegate.m */ = {isa = PBXFileReference; lastKnownFileType = sourcecode.c.objc; path = SceneDelegate.m; sourceTree = "<group>"; };
		D68E54062431E2BD00630B27 /* ViewController.h */ = {isa = PBXFileReference; lastKnownFileType = sourcecode.c.h; path = ViewController.h; sourceTree = "<group>"; };
		D68E54072431E2BD00630B27 /* ViewController.m */ = {isa = PBXFileReference; lastKnownFileType = sourcecode.c.objc; path = ViewController.m; sourceTree = "<group>"; };
		D68E540A2431E2BD00630B27 /* Base */ = {isa = PBXFileReference; lastKnownFileType = file.storyboard; name = Base; path = Base.lproj/Main.storyboard; sourceTree = "<group>"; };
		D68E540D2431E2BD00630B27 /* dingkanCode.xcdatamodel */ = {isa = PBXFileReference; lastKnownFileType = wrapper.xcdatamodel; path = dingkanCode.xcdatamodel; sourceTree = "<group>"; };
		D68E540F2431E2BE00630B27 /* Assets.xcassets */ = {isa = PBXFileReference; lastKnownFileType = folder.assetcatalog; path = Assets.xcassets; sourceTree = "<group>"; };
		D68E54122431E2BE00630B27 /* Base */ = {isa = PBXFileReference; lastKnownFileType = file.storyboard; name = Base; path = Base.lproj/LaunchScreen.storyboard; sourceTree = "<group>"; };
		D68E54142431E2BE00630B27 /* Info.plist */ = {isa = PBXFileReference; lastKnownFileType = text.plist.xml; path = Info.plist; sourceTree = "<group>"; };
		D68E54152431E2BE00630B27 /* main.m */ = {isa = PBXFileReference; lastKnownFileType = sourcecode.c.objc; path = main.m; sourceTree = "<group>"; };
/* End PBXFileReference section */

/* Begin PBXFrameworksBuildPhase section */
		D68E53FA2431E2BD00630B27 /* Frameworks */ = {
			isa = PBXFrameworksBuildPhase;
			buildActionMask = 2147483647;
			files = (
			);
			runOnlyForDeploymentPostprocessing = 0;
		};
/* End PBXFrameworksBuildPhase section */

/* Begin PBXGroup section */
		D6420F46243D687600ED4F2A /* CrashProtector */ = {
			isa = PBXGroup;
			children = (
				D650B42D2452E3E40000C79F /* NSTime */,
				D650B4232452D4D60000C79F /* Notification */,
				D650B4152452D4970000C79F /* HandlerCenter */,
				D650B4182452D4970000C79F /* KVC */,
				D650B4082452D4970000C79F /* KVO */,
				D650B40D2452D4970000C79F /* NSArray */,
				D650B4052452D4970000C79F /* NSObject */,
				D650B4102452D4970000C79F /* Runtime */,
			);
			path = CrashProtector;
			sourceTree = "<group>";
		};
		D650B4052452D4970000C79F /* NSObject */ = {
			isa = PBXGroup;
			children = (
				D650B4062452D4970000C79F /* NSObject+DKCrashHandler.m */,
				D650B4072452D4970000C79F /* NSObject+DKCrashHandler.h */,
			);
			path = NSObject;
			sourceTree = "<group>";
		};
		D650B4082452D4970000C79F /* KVO */ = {
			isa = PBXGroup;
			children = (
				D650B40A2452D4970000C79F /* DKKVOProxy.h */,
				D650B4092452D4970000C79F /* DKKVOProxy.m */,
				D650B40C2452D4970000C79F /* NSObject+KVOCrashHandler.h */,
				D650B41A2452D4970000C79F /* NSObject+KVOCrashHandler.m */,
			);
			path = KVO;
			sourceTree = "<group>";
		};
		D650B40D2452D4970000C79F /* NSArray */ = {
			isa = PBXGroup;
			children = (
				D650B40E2452D4970000C79F /* NSArray+DKCrashHandler.m */,
				D650B40F2452D4970000C79F /* NSArray+DKCrashHandler.h */,
			);
			path = NSArray;
			sourceTree = "<group>";
		};
		D650B4102452D4970000C79F /* Runtime */ = {
			isa = PBXGroup;
			children = (
				D650B4112452D4970000C79F /* DKRuntime.h */,
				D650B4132452D4970000C79F /* DKRuntime.m */,
				D650B4142452D4970000C79F /* NSMethodSignature+CrashHandler.h */,
				D650B4122452D4970000C79F /* NSMethodSignature+CrashHandler.m */,
			);
			path = Runtime;
			sourceTree = "<group>";
		};
		D650B4152452D4970000C79F /* HandlerCenter */ = {
			isa = PBXGroup;
			children = (
				D650B4162452D4970000C79F /* DKCrashObject.m */,
				D650B4172452D4970000C79F /* DKCrashObject.h */,
			);
			path = HandlerCenter;
			sourceTree = "<group>";
		};
		D650B4182452D4970000C79F /* KVC */ = {
			isa = PBXGroup;
			children = (
				D650B4192452D4970000C79F /* NSObject+KVCCrashHandler.h */,
				D650B40B2452D4970000C79F /* NSObject+KVCCrashHandler.m */,
			);
			path = KVC;
			sourceTree = "<group>";
		};
		D650B4232452D4D60000C79F /* Notification */ = {
			isa = PBXGroup;
			children = (
				D650B4242452D4E70000C79F /* NSNotificationCenter+DKCrashHandler.h */,
				D650B4252452D4E70000C79F /* NSNotificationCenter+DKCrashHandler.m */,
				D650B4272452D5470000C79F /* DKNotificationRemover.h */,
				D650B4282452D5470000C79F /* DKNotificationRemover.m */,
			);
			path = Notification;
			sourceTree = "<group>";
		};
		D650B42D2452E3E40000C79F /* NSTime */ = {
			isa = PBXGroup;
			children = (
				D647123924554E6C0000BC22 /* DKTimeProxy.h */,
				D647123A24554E6C0000BC22 /* DKTimeProxy.m */,
				D647123C24554ED20000BC22 /* NSTimer+DKCrashHandler.h */,
				D647123D24554ED20000BC22 /* NSTimer+DKCrashHandler.m */,
			);
			path = NSTime;
			sourceTree = "<group>";
		};
		D68E53F42431E2BD00630B27 = {
			isa = PBXGroup;
			children = (
				D68E53FF2431E2BD00630B27 /* dingkanCode */,
				D68E53FE2431E2BD00630B27 /* Products */,
			);
			sourceTree = "<group>";
		};
		D68E53FE2431E2BD00630B27 /* Products */ = {
			isa = PBXGroup;
			children = (
				D68E53FD2431E2BD00630B27 /* dingkanCode.app */,
			);
			name = Products;
			sourceTree = "<group>";
		};
		D68E53FF2431E2BD00630B27 /* dingkanCode */ = {
			isa = PBXGroup;
			children = (
				D6420F46243D687600ED4F2A /* CrashProtector */,
				D68E54002431E2BD00630B27 /* AppDelegate.h */,
				D68E54012431E2BD00630B27 /* AppDelegate.m */,
				D68E54032431E2BD00630B27 /* SceneDelegate.h */,
				D68E54042431E2BD00630B27 /* SceneDelegate.m */,
				D68E54062431E2BD00630B27 /* ViewController.h */,
				D68E54072431E2BD00630B27 /* ViewController.m */,
				D650B42A2452D8D60000C79F /* tesmVC.h */,
				D650B42B2452D8D60000C79F /* tesmVC.m */,
				D650FCE0245135BB00848EA7 /* KVOCrashObject.h */,
				D650FCE1245135BB00848EA7 /* KVOCrashObject.m */,
				D640E4E6244E82FB00EA234E /* Person.h */,
				D640E4E7244E82FB00EA234E /* Person.m */,
				D68E54092431E2BD00630B27 /* Main.storyboard */,
				D68E540F2431E2BE00630B27 /* Assets.xcassets */,
				D68E54112431E2BE00630B27 /* LaunchScreen.storyboard */,
				D68E54142431E2BE00630B27 /* Info.plist */,
				D68E54152431E2BE00630B27 /* main.m */,
				D68E540C2431E2BD00630B27 /* dingkanCode.xcdatamodeld */,
			);
			path = dingkanCode;
			sourceTree = "<group>";
		};
/* End PBXGroup section */

/* Begin PBXNativeTarget section */
		D68E53FC2431E2BD00630B27 /* dingkanCode */ = {
			isa = PBXNativeTarget;
			buildConfigurationList = D68E54192431E2BE00630B27 /* Build configuration list for PBXNativeTarget "dingkanCode" */;
			buildPhases = (
				D68E53F92431E2BD00630B27 /* Sources */,
				D68E53FA2431E2BD00630B27 /* Frameworks */,
				D68E53FB2431E2BD00630B27 /* Resources */,
			);
			buildRules = (
			);
			dependencies = (
			);
			name = dingkanCode;
			productName = dingkanCode;
			productReference = D68E53FD2431E2BD00630B27 /* dingkanCode.app */;
			productType = "com.apple.product-type.application";
		};
/* End PBXNativeTarget section */

/* Begin PBXProject section */
		D68E53F52431E2BD00630B27 /* Project object */ = {
			isa = PBXProject;
			attributes = {
				LastUpgradeCheck = 1120;
				ORGANIZATIONNAME = "丁侃";
				TargetAttributes = {
					D68E53FC2431E2BD00630B27 = {
						CreatedOnToolsVersion = 11.2.1;
					};
				};
			};
			buildConfigurationList = D68E53F82431E2BD00630B27 /* Build configuration list for PBXProject "dingkanCode" */;
			compatibilityVersion = "Xcode 9.3";
			developmentRegion = en;
			hasScannedForEncodings = 0;
			knownRegions = (
				en,
				Base,
			);
			mainGroup = D68E53F42431E2BD00630B27;
			productRefGroup = D68E53FE2431E2BD00630B27 /* Products */;
			projectDirPath = "";
			projectRoot = "";
			targets = (
				D68E53FC2431E2BD00630B27 /* dingkanCode */,
			);
		};
/* End PBXProject section */

/* Begin PBXResourcesBuildPhase section */
		D68E53FB2431E2BD00630B27 /* Resources */ = {
			isa = PBXResourcesBuildPhase;
			buildActionMask = 2147483647;
			files = (
				D68E54132431E2BE00630B27 /* LaunchScreen.storyboard in Resources */,
				D68E54102431E2BE00630B27 /* Assets.xcassets in Resources */,
				D68E540B2431E2BD00630B27 /* Main.storyboard in Resources */,
			);
			runOnlyForDeploymentPostprocessing = 0;
		};
/* End PBXResourcesBuildPhase section */

/* Begin PBXSourcesBuildPhase section */
		D68E53F92431E2BD00630B27 /* Sources */ = {
			isa = PBXSourcesBuildPhase;
			buildActionMask = 2147483647;
			files = (
				D650B41C2452D4970000C79F /* DKKVOProxy.m in Sources */,
				D650B4202452D4970000C79F /* DKRuntime.m in Sources */,
				D650B41F2452D4970000C79F /* NSMethodSignature+CrashHandler.m in Sources */,
				D650B41D2452D4970000C79F /* NSObject+KVCCrashHandler.m in Sources */,
				D647123E24554ED20000BC22 /* NSTimer+DKCrashHandler.m in Sources */,
				D650B4262452D4E70000C79F /* NSNotificationCenter+DKCrashHandler.m in Sources */,
				D650B41B2452D4970000C79F /* NSObject+DKCrashHandler.m in Sources */,
				D68E54162431E2BE00630B27 /* main.m in Sources */,
				D68E54082431E2BD00630B27 /* ViewController.m in Sources */,
				D650B4292452D5470000C79F /* DKNotificationRemover.m in Sources */,
				D650FCE2245135BB00848EA7 /* KVOCrashObject.m in Sources */,
				D650B42C2452D8D60000C79F /* tesmVC.m in Sources */,
				D650B41E2452D4970000C79F /* NSArray+DKCrashHandler.m in Sources */,
				D650B4222452D4970000C79F /* NSObject+KVOCrashHandler.m in Sources */,
				D650B4212452D4970000C79F /* DKCrashObject.m in Sources */,
				D640E4E8244E82FB00EA234E /* Person.m in Sources */,
				D68E54022431E2BD00630B27 /* AppDelegate.m in Sources */,
				D647123B24554E6C0000BC22 /* DKTimeProxy.m in Sources */,
				D68E54052431E2BD00630B27 /* SceneDelegate.m in Sources */,
			);
			runOnlyForDeploymentPostprocessing = 0;
		};
/* End PBXSourcesBuildPhase section */

/* Begin PBXVariantGroup section */
		D68E54092431E2BD00630B27 /* Main.storyboard */ = {
			isa = PBXVariantGroup;
			children = (
				D68E540A2431E2BD00630B27 /* Base */,
			);
			name = Main.storyboard;
			sourceTree = "<group>";
		};
		D68E54112431E2BE00630B27 /* LaunchScreen.storyboard */ = {
			isa = PBXVariantGroup;
			children = (
				D68E54122431E2BE00630B27 /* Base */,
			);
			name = LaunchScreen.storyboard;
			sourceTree = "<group>";
		};
/* End PBXVariantGroup section */

/* Begin XCBuildConfiguration section */
		D68E54172431E2BE00630B27 /* Debug */ = {
			isa = XCBuildConfiguration;
			buildSettings = {
				ALWAYS_SEARCH_USER_PATHS = NO;
				CLANG_ANALYZER_NONNULL = YES;
				CLANG_ANALYZER_NUMBER_OBJECT_CONVERSION = YES_AGGRESSIVE;
				CLANG_CXX_LANGUAGE_STANDARD = "gnu++14";
				CLANG_CXX_LIBRARY = "libc++";
				CLANG_ENABLE_MODULES = YES;
				CLANG_ENABLE_OBJC_ARC = YES;
				CLANG_ENABLE_OBJC_WEAK = YES;
				CLANG_WARN_BLOCK_CAPTURE_AUTORELEASING = YES;
				CLANG_WARN_BOOL_CONVERSION = YES;
				CLANG_WARN_COMMA = YES;
				CLANG_WARN_CONSTANT_CONVERSION = YES;
				CLANG_WARN_DEPRECATED_OBJC_IMPLEMENTATIONS = YES;
				CLANG_WARN_DIRECT_OBJC_ISA_USAGE = YES_ERROR;
				CLANG_WARN_DOCUMENTATION_COMMENTS = YES;
				CLANG_WARN_EMPTY_BODY = YES;
				CLANG_WARN_ENUM_CONVERSION = YES;
				CLANG_WARN_INFINITE_RECURSION = YES;
				CLANG_WARN_INT_CONVERSION = YES;
				CLANG_WARN_NON_LITERAL_NULL_CONVERSION = YES;
				CLANG_WARN_OBJC_IMPLICIT_RETAIN_SELF = YES;
				CLANG_WARN_OBJC_LITERAL_CONVERSION = YES;
				CLANG_WARN_OBJC_ROOT_CLASS = YES_ERROR;
				CLANG_WARN_RANGE_LOOP_ANALYSIS = YES;
				CLANG_WARN_STRICT_PROTOTYPES = YES;
				CLANG_WARN_SUSPICIOUS_MOVE = YES;
				CLANG_WARN_UNGUARDED_AVAILABILITY = YES_AGGRESSIVE;
				CLANG_WARN_UNREACHABLE_CODE = YES;
				CLANG_WARN__DUPLICATE_METHOD_MATCH = YES;
				COPY_PHASE_STRIP = NO;
				DEBUG_INFORMATION_FORMAT = dwarf;
				ENABLE_STRICT_OBJC_MSGSEND = YES;
				ENABLE_TESTABILITY = YES;
				GCC_C_LANGUAGE_STANDARD = gnu11;
				GCC_DYNAMIC_NO_PIC = NO;
				GCC_NO_COMMON_BLOCKS = YES;
				GCC_OPTIMIZATION_LEVEL = 0;
				GCC_PREPROCESSOR_DEFINITIONS = (
					"DEBUG=1",
					"$(inherited)",
				);
				GCC_WARN_64_TO_32_BIT_CONVERSION = YES;
				GCC_WARN_ABOUT_RETURN_TYPE = YES_ERROR;
				GCC_WARN_UNDECLARED_SELECTOR = YES;
				GCC_WARN_UNINITIALIZED_AUTOS = YES_AGGRESSIVE;
				GCC_WARN_UNUSED_FUNCTION = YES;
				GCC_WARN_UNUSED_VARIABLE = YES;
				IPHONEOS_DEPLOYMENT_TARGET = 8.0;
				MTL_ENABLE_DEBUG_INFO = INCLUDE_SOURCE;
				MTL_FAST_MATH = YES;
				ONLY_ACTIVE_ARCH = YES;
				SDKROOT = iphoneos;
				VALID_ARCHS = arm64;
			};
			name = Debug;
		};
		D68E54182431E2BE00630B27 /* Release */ = {
			isa = XCBuildConfiguration;
			buildSettings = {
				ALWAYS_SEARCH_USER_PATHS = NO;
				CLANG_ANALYZER_NONNULL = YES;
				CLANG_ANALYZER_NUMBER_OBJECT_CONVERSION = YES_AGGRESSIVE;
				CLANG_CXX_LANGUAGE_STANDARD = "gnu++14";
				CLANG_CXX_LIBRARY = "libc++";
				CLANG_ENABLE_MODULES = YES;
				CLANG_ENABLE_OBJC_ARC = YES;
				CLANG_ENABLE_OBJC_WEAK = YES;
				CLANG_WARN_BLOCK_CAPTURE_AUTORELEASING = YES;
				CLANG_WARN_BOOL_CONVERSION = YES;
				CLANG_WARN_COMMA = YES;
				CLANG_WARN_CONSTANT_CONVERSION = YES;
				CLANG_WARN_DEPRECATED_OBJC_IMPLEMENTATIONS = YES;
				CLANG_WARN_DIRECT_OBJC_ISA_USAGE = YES_ERROR;
				CLANG_WARN_DOCUMENTATION_COMMENTS = YES;
				CLANG_WARN_EMPTY_BODY = YES;
				CLANG_WARN_ENUM_CONVERSION = YES;
				CLANG_WARN_INFINITE_RECURSION = YES;
				CLANG_WARN_INT_CONVERSION = YES;
				CLANG_WARN_NON_LITERAL_NULL_CONVERSION = YES;
				CLANG_WARN_OBJC_IMPLICIT_RETAIN_SELF = YES;
				CLANG_WARN_OBJC_LITERAL_CONVERSION = YES;
				CLANG_WARN_OBJC_ROOT_CLASS = YES_ERROR;
				CLANG_WARN_RANGE_LOOP_ANALYSIS = YES;
				CLANG_WARN_STRICT_PROTOTYPES = YES;
				CLANG_WARN_SUSPICIOUS_MOVE = YES;
				CLANG_WARN_UNGUARDED_AVAILABILITY = YES_AGGRESSIVE;
				CLANG_WARN_UNREACHABLE_CODE = YES;
				CLANG_WARN__DUPLICATE_METHOD_MATCH = YES;
				COPY_PHASE_STRIP = NO;
				DEBUG_INFORMATION_FORMAT = "dwarf-with-dsym";
				ENABLE_NS_ASSERTIONS = NO;
				ENABLE_STRICT_OBJC_MSGSEND = YES;
				GCC_C_LANGUAGE_STANDARD = gnu11;
				GCC_NO_COMMON_BLOCKS = YES;
				GCC_WARN_64_TO_32_BIT_CONVERSION = YES;
				GCC_WARN_ABOUT_RETURN_TYPE = YES_ERROR;
				GCC_WARN_UNDECLARED_SELECTOR = YES;
				GCC_WARN_UNINITIALIZED_AUTOS = YES_AGGRESSIVE;
				GCC_WARN_UNUSED_FUNCTION = YES;
				GCC_WARN_UNUSED_VARIABLE = YES;
				IPHONEOS_DEPLOYMENT_TARGET = 8.0;
				MTL_ENABLE_DEBUG_INFO = NO;
				MTL_FAST_MATH = YES;
				SDKROOT = iphoneos;
				VALIDATE_PRODUCT = YES;
				VALID_ARCHS = arm64;
			};
			name = Release;
		};
		D68E541A2431E2BE00630B27 /* Debug */ = {
			isa = XCBuildConfiguration;
			buildSettings = {
				ASSETCATALOG_COMPILER_APPICON_NAME = AppIcon;
				CODE_SIGN_STYLE = Automatic;
				DEVELOPMENT_TEAM = MTGQCB5B3L;
				ENABLE_STRICT_OBJC_MSGSEND = NO;
				GCC_C_LANGUAGE_STANDARD = gnu11;
				GCC_NO_COMMON_BLOCKS = NO;
				INFOPLIST_FILE = dingkanCode/Info.plist;
				LD_RUNPATH_SEARCH_PATHS = (
					"$(inherited)",
					"@executable_path/Frameworks",
				);
				PRODUCT_BUNDLE_IDENTIFIER = com.dingkan.test.dingkanCode;
				PRODUCT_NAME = "$(TARGET_NAME)";
				TARGETED_DEVICE_FAMILY = "1,2";
				VALID_ARCHS = arm64;
			};
			name = Debug;
		};
		D68E541B2431E2BE00630B27 /* Release */ = {
			isa = XCBuildConfiguration;
			buildSettings = {
				ASSETCATALOG_COMPILER_APPICON_NAME = AppIcon;
				CODE_SIGN_STYLE = Automatic;
				DEVELOPMENT_TEAM = MTGQCB5B3L;
				ENABLE_STRICT_OBJC_MSGSEND = NO;
				GCC_C_LANGUAGE_STANDARD = gnu11;
				GCC_NO_COMMON_BLOCKS = NO;
				INFOPLIST_FILE = dingkanCode/Info.plist;
				LD_RUNPATH_SEARCH_PATHS = (
					"$(inherited)",
					"@executable_path/Frameworks",
				);
				PRODUCT_BUNDLE_IDENTIFIER = com.dingkan.test.dingkanCode;
				PRODUCT_NAME = "$(TARGET_NAME)";
				TARGETED_DEVICE_FAMILY = "1,2";
				VALID_ARCHS = arm64;
			};
			name = Release;
		};
/* End XCBuildConfiguration section */

/* Begin XCConfigurationList section */
		D68E53F82431E2BD00630B27 /* Build configuration list for PBXProject "dingkanCode" */ = {
			isa = XCConfigurationList;
			buildConfigurations = (
				D68E54172431E2BE00630B27 /* Debug */,
				D68E54182431E2BE00630B27 /* Release */,
			);
			defaultConfigurationIsVisible = 0;
			defaultConfigurationName = Release;
		};
		D68E54192431E2BE00630B27 /* Build configuration list for PBXNativeTarget "dingkanCode" */ = {
			isa = XCConfigurationList;
			buildConfigurations = (
				D68E541A2431E2BE00630B27 /* Debug */,
				D68E541B2431E2BE00630B27 /* Release */,
			);
			defaultConfigurationIsVisible = 0;
			defaultConfigurationName = Release;
		};
/* End XCConfigurationList section */

/* Begin XCVersionGroup section */
		D68E540C2431E2BD00630B27 /* dingkanCode.xcdatamodeld */ = {
			isa = XCVersionGroup;
			children = (
				D68E540D2431E2BD00630B27 /* dingkanCode.xcdatamodel */,
			);
			currentVersion = D68E540D2431E2BD00630B27 /* dingkanCode.xcdatamodel */;
			path = dingkanCode.xcdatamodeld;
			sourceTree = "<group>";
			versionGroupType = wrapper.xcdatamodel;
		};
/* End XCVersionGroup section */
	};
	rootObject = D68E53F52431E2BD00630B27 /* Project object */;
}
